
Microsoft Visual Studio Solution File, Format Version 12.00
# Visual Studio 15
VisualStudioVersion = 15.0.27703.2047
MinimumVisualStudioVersion = 10.0.40219.1
Project("{9A19103F-16F7-4668-BE54-9A1E7A4F7556}") = "AdminPanelWebApp", "AdminPanelWebApp\AdminPanelWebApp.csproj", "{B2B77AF0-A3B8-47D3-8115-2721467C3ACE}"
EndProject
Project("{FAE04EC0-301F-11D3-BF4B-00C04F79EFBC}") = "Common", "Common\Common.csproj", "{8FAFAE86-AB6F-4051-9D47-2971C82768E2}"
EndProject
Project("{FAE04EC0-301F-11D3-BF4B-00C04F79EFBC}") = "ServiceProxy", "ServiceProxy\ServiceProxy.csproj", "{738C1512-F85D-4906-AE85-AE0A3ACCB59C}"
EndProject
Global
	GlobalSection(SolutionConfigurationPlatforms) = preSolution
		Debug|Any CPU = Debug|Any CPU
		Release|Any CPU = Release|Any CPU
	EndGlobalSection
	GlobalSection(ProjectConfigurationPlatforms) = postSolution
		{B2B77AF0-A3B8-47D3-8115-2721467C3ACE}.Debug|Any CPU.ActiveCfg = Debug|Any CPU
		{B2B77AF0-A3B8-47D3-8115-2721467C3ACE}.Debug|Any CPU.Build.0 = Debug|Any CPU
		{B2B77AF0-A3B8-47D3-8115-2721467C3ACE}.Release|Any CPU.ActiveCfg = Release|Any CPU
		{B2B77AF0-A3B8-47D3-8115-2721467C3ACE}.Release|Any CPU.Build.0 = Release|Any CPU
		{8FAFAE86-AB6F-4051-9D47-2971C82768E2}.Debug|Any CPU.ActiveCfg = Debug|Any CPU
		{8FAFAE86-AB6F-4051-9D47-2971C82768E2}.Debug|Any CPU.Build.0 = Debug|Any CPU
		{8FAFAE86-AB6F-4051-9D47-2971C82768E2}.Release|Any CPU.ActiveCfg = Release|Any CPU
		{8FAFAE86-AB6F-4051-9D47-2971C82768E2}.Release|Any CPU.Build.0 = Release|Any CPU
		{738C1512-F85D-4906-AE85-AE0A3ACCB59C}.Debug|Any CPU.ActiveCfg = Debug|Any CPU
		{738C1512-F85D-4906-AE85-AE0A3ACCB59C}.Debug|Any CPU.Build.0 = Debug|Any CPU
		{738C1512-F85D-4906-AE85-AE0A3ACCB59C}.Release|Any CPU.ActiveCfg = Release|Any CPU
		{738C1512-F85D-4906-AE85-AE0A3ACCB59C}.Release|Any CPU.Build.0 = Release|Any CPU
	EndGlobalSection
	GlobalSection(SolutionProperties) = preSolution
		HideSolutionNode = FALSE
	EndGlobalSection
	GlobalSection(ExtensibilityGlobals) = postSolution
		SolutionGuid = {AEDF54F8-377A-44EA-8B79-C71503C4BC3F}
	EndGlobalSection
EndGlobal
